
Microsoft Visual Studio Solution File, Format Version 12.00
# Visual Studio Version 17
VisualStudioVersion = 17.8.34330.188
MinimumVisualStudioVersion = 10.0.40219.1
Project("{9A19103F-16F7-4668-BE54-9A1E7A4F7556}") = "GarageProject", "GarageProject.csproj", "{7950BE1D-10FF-4A0D-A5A3-FB8DB91374B4}"
EndProject
Global
	GlobalSection(SolutionConfigurationPlatforms) = preSolution
		Debug|Any CPU = Debug|Any CPU
		Release|Any CPU = Release|Any CPU
	EndGlobalSection
	GlobalSection(ProjectConfigurationPlatforms) = postSolution
		{7950BE1D-10FF-4A0D-A5A3-FB8DB91374B4}.Debug|Any CPU.ActiveCfg = Debug|Any CPU
		{7950BE1D-10FF-4A0D-A5A3-FB8DB91374B4}.Debug|Any CPU.Build.0 = Debug|Any CPU
		{7950BE1D-10FF-4A0D-A5A3-FB8DB91374B4}.Release|Any CPU.ActiveCfg = Release|Any CPU
		{7950BE1D-10FF-4A0D-A5A3-FB8DB91374B4}.Release|Any CPU.Build.0 = Release|Any CPU
	EndGlobalSection
	GlobalSection(SolutionProperties) = preSolution
		HideSolutionNode = FALSE
	EndGlobalSection
	GlobalSection(ExtensibilityGlobals) = postSolution
		SolutionGuid = {0245C1DF-04E6-417D-94B9-6F3C134C6FF1}
	EndGlobalSection
EndGlobal
